
Microsoft Visual Studio Solution File, Format Version 12.00
Project("{2150E333-8FDC-42A3-9474-1A3956D46DE8}") = "RabbitMq_Producer", "RabbitMq_Producer", "{E6C00D41-939B-4D69-8FA7-90F9B0D0FADC}"
EndProject
Project("{2150E333-8FDC-42A3-9474-1A3956D46DE8}") = "RabbitMq_Consumer", "RabbitMq_Consumer", "{AEAE1708-8675-4351-85D2-AD73F0FAF563}"
EndProject
Project("{2150E333-8FDC-42A3-9474-1A3956D46DE8}") = "RabbitMq_Common", "RabbitMq_Common", "{083585D7-1A1A-4EF0-8E26-07DCD8880B79}"
EndProject
Project("{FAE04EC0-301F-11D3-BF4B-00C04F79EFBC}") = "RabbitMq_Common", "RabbitMq_Common\RabbitMq_Common.csproj", "{EECFE200-67D1-4EEA-A24C-A3353368ACE1}"
EndProject
Project("{FAE04EC0-301F-11D3-BF4B-00C04F79EFBC}") = "RabbitMq_Consumer", "RabbitMq_Consumer\RabbitMq_Consumer.csproj", "{0095E2A1-723F-4666-A032-94A10AE51D57}"
EndProject
Project("{FAE04EC0-301F-11D3-BF4B-00C04F79EFBC}") = "RabbitMq_Producer", "RabbitMq_Producer\RabbitMq_Producer.csproj", "{14FC8F61-0BBE-410B-8AF4-47AF62E36AAB}"
EndProject
Global
	GlobalSection(SolutionConfigurationPlatforms) = preSolution
		Debug|Any CPU = Debug|Any CPU
		Release|Any CPU = Release|Any CPU
	EndGlobalSection
	GlobalSection(ProjectConfigurationPlatforms) = postSolution
		{EECFE200-67D1-4EEA-A24C-A3353368ACE1}.Debug|Any CPU.ActiveCfg = Debug|Any CPU
		{EECFE200-67D1-4EEA-A24C-A3353368ACE1}.Debug|Any CPU.Build.0 = Debug|Any CPU
		{EECFE200-67D1-4EEA-A24C-A3353368ACE1}.Release|Any CPU.ActiveCfg = Release|Any CPU
		{EECFE200-67D1-4EEA-A24C-A3353368ACE1}.Release|Any CPU.Build.0 = Release|Any CPU
		{0095E2A1-723F-4666-A032-94A10AE51D57}.Debug|Any CPU.ActiveCfg = Debug|Any CPU
		{0095E2A1-723F-4666-A032-94A10AE51D57}.Debug|Any CPU.Build.0 = Debug|Any CPU
		{0095E2A1-723F-4666-A032-94A10AE51D57}.Release|Any CPU.ActiveCfg = Release|Any CPU
		{0095E2A1-723F-4666-A032-94A10AE51D57}.Release|Any CPU.Build.0 = Release|Any CPU
		{14FC8F61-0BBE-410B-8AF4-47AF62E36AAB}.Debug|Any CPU.ActiveCfg = Debug|Any CPU
		{14FC8F61-0BBE-410B-8AF4-47AF62E36AAB}.Debug|Any CPU.Build.0 = Debug|Any CPU
		{14FC8F61-0BBE-410B-8AF4-47AF62E36AAB}.Release|Any CPU.ActiveCfg = Release|Any CPU
		{14FC8F61-0BBE-410B-8AF4-47AF62E36AAB}.Release|Any CPU.Build.0 = Release|Any CPU
	EndGlobalSection
	GlobalSection(NestedProjects) = preSolution
		{EECFE200-67D1-4EEA-A24C-A3353368ACE1} = {083585D7-1A1A-4EF0-8E26-07DCD8880B79}
		{0095E2A1-723F-4666-A032-94A10AE51D57} = {AEAE1708-8675-4351-85D2-AD73F0FAF563}
		{14FC8F61-0BBE-410B-8AF4-47AF62E36AAB} = {E6C00D41-939B-4D69-8FA7-90F9B0D0FADC}
	EndGlobalSection
EndGlobal
